<?xml version="1.0" encoding="utf-8"?>
<Project ToolsVersion="4.0" xmlns="http://schemas.microsoft.com/developer/msbuild/2003">
  <ItemGroup>
    <Filter Include="Source Files">
      <UniqueIdentifier>{4FC737F1-C7A5-4376-A066-2A32D752A2FF}</UniqueIdentifier>
      <Extensions>cpp;c;cc;cxx;def;odl;idl;hpj;bat;asm;asmx</Extensions>
    </Filter>
    <Filter Include="Header Files">
      <UniqueIdentifier>{93995380-89BD-4b04-88EB-625FBE52EBFB}</UniqueIdentifier>
      <Extensions>h;hh;hpp;hxx;hm;inl;inc;xsd</Extensions>
    </Filter>
    <Filter Include="Resource Files">
      <UniqueIdentifier>{67DA6AB6-F800-4c08-8B7A-83BB121AAD01}</UniqueIdentifier>
      <Extensions>rc;ico;cur;bmp;dlg;rc2;rct;bin;rgs;gif;jpg;jpeg;jpe;resx;tiff;tif;png;wav;mfcribbon-ms</Extensions>
    </Filter>
    <Filter Include="Source Engine">
      <UniqueIdentifier>{19c773f1-7d27-441a-b95e-ae373f1dd5e4}</UniqueIdentifier>
    </Filter>
    <Filter Include="Source Engine\Header Files">
      <UniqueIdentifier>{e4b6bfd1-bb2a-4fc7-8f56-efa01165ac53}</UniqueIdentifier>
    </Filter>
    <Filter Include="Source Engine\Source Files">
      <UniqueIdentifier>{138f7110-e7c4-44f4-b80e-d08e28507f54}</UniqueIdentifier>
    </Filter>
    <Filter Include="GUI">
      <UniqueIdentifier>{9c935323-6d08-4687-8c98-d024acd8d6c2}</UniqueIdentifier>
    </Filter>
    <Filter Include="GUI\Source Files">
      <UniqueIdentifier>{2cc3c37e-293d-41c2-b245-91508fb4c8cb}</UniqueIdentifier>
    </Filter>
    <Filter Include="GUI\Header Files">
      <UniqueIdentifier>{55c81309-c1b9-45d6-a2fb-d1d2fa842a61}</UniqueIdentifier>
    </Filter>
  </ItemGroup>
  <ItemGroup>
    <ClCompile Include="DllMain.cpp">
      <Filter>Source Files</Filter>
    </ClCompile>
    <ClCompile Include="Application.cpp">
      <Filter>Source Files</Filter>
    </ClCompile>
    <ClCompile Include="Pattern.cpp">
      <Filter>Source Files</Filter>
    </ClCompile>
    <ClCompile Include="Console.cpp">
      <Filter>Source Files</Filter>
    </ClCompile>
    <ClCompile Include="XorString.cpp">
      <Filter>Source Files</Filter>
    </ClCompile>
    <ClCompile Include="CreateInterface.cpp">
      <Filter>Source Engine\Source Files</Filter>
    </ClCompile>
    <ClCompile Include="Aimbot.cpp">
      <Filter>Source Files</Filter>
    </ClCompile>
    <ClCompile Include="Bhop.cpp">
      <Filter>Source Files</Filter>
    </ClCompile>
    <ClCompile Include="Feature.cpp">
      <Filter>Source Files</Filter>
    </ClCompile>
    <ClCompile Include="Misc.cpp">
      <Filter>Source Files</Filter>
    </ClCompile>
    <ClCompile Include="ESP.cpp">
      <Filter>Source Files</Filter>
    </ClCompile>
    <ClCompile Include="IMaterialSystem.cpp">
      <Filter>Source Engine\Source Files</Filter>
    </ClCompile>
    <ClCompile Include="AntiAim.cpp">
      <Filter>Source Files</Filter>
    </ClCompile>
    <ClCompile Include="Vector.cpp">
      <Filter>Source Engine\Source Files</Filter>
    </ClCompile>
    <ClCompile Include="Window.cpp">
      <Filter>GUI\Source Files</Filter>
    </ClCompile>
    <ClCompile Include="Button.cpp">
      <Filter>GUI\Source Files</Filter>
    </ClCompile>
    <ClCompile Include="IControl.cpp">
      <Filter>GUI\Source Files</Filter>
    </ClCompile>
    <ClCompile Include="CWeapon.cpp">
      <Filter>Source Engine\Source Files</Filter>
    </ClCompile>
    <ClCompile Include="ClientEntity.cpp">
      <Filter>Source Engine\Source Files</Filter>
    </ClCompile>
    <ClCompile Include="Visuals.cpp">
      <Filter>Source Files</Filter>
    </ClCompile>
    <ClCompile Include="ISurface.cpp">
      <Filter>Source Engine\Source Files</Filter>
    </ClCompile>
    <ClCompile Include="VTableHook.cpp">
      <Filter>Source Files</Filter>
    </ClCompile>
    <ClCompile Include="PlayerInfo.cpp">
      <Filter>Source Engine\Source Files</Filter>
    </ClCompile>
    <ClCompile Include="GameEventListener.cpp">
      <Filter>Source Files</Filter>
    </ClCompile>
    <ClCompile Include="murmurhash.cpp">
      <Filter>Source Files</Filter>
    </ClCompile>
  </ItemGroup>
  <ItemGroup>
    <ClInclude Include="Application.h">
      <Filter>Header Files</Filter>
    </ClInclude>
    <ClInclude Include="Pattern.h">
      <Filter>Header Files</Filter>
    </ClInclude>
    <ClInclude Include="Console.h">
      <Filter>Header Files</Filter>
    </ClInclude>
    <ClInclude Include="XorString.h">
      <Filter>Header Files</Filter>
    </ClInclude>
    <ClInclude Include="BaseClientDLL.h">
      <Filter>Source Engine\Header Files</Filter>
    </ClInclude>
    <ClInclude Include="ClientClass.h">
      <Filter>Source Engine\Header Files</Filter>
    </ClInclude>
    <ClInclude Include="ClientEntity.h">
      <Filter>Source Engine\Header Files</Filter>
    </ClInclude>
    <ClInclude Include="ClientEntityList.h">
      <Filter>Source Engine\Header Files</Filter>
    </ClInclude>
    <ClInclude Include="CreateInterface.h">
      <Filter>Source Engine\Header Files</Filter>
    </ClInclude>
    <ClInclude Include="IEngineTrace.h">
      <Filter>Source Engine\Header Files</Filter>
    </ClInclude>
    <ClInclude Include="SourceEngine.h">
      <Filter>Source Engine\Header Files</Filter>
    </ClInclude>
    <ClInclude Include="Vector.h">
      <Filter>Source Engine\Header Files</Filter>
    </ClInclude>
    <ClInclude Include="VEngineClient.h">
      <Filter>Source Engine\Header Files</Filter>
    </ClInclude>
    <ClInclude Include="Aimbot.h">
      <Filter>Header Files</Filter>
    </ClInclude>
    <ClInclude Include="Bhop.h">
      <Filter>Header Files</Filter>
    </ClInclude>
    <ClInclude Include="Feature.h">
      <Filter>Header Files</Filter>
    </ClInclude>
    <ClInclude Include="Misc.h">
      <Filter>Header Files</Filter>
    </ClInclude>
    <ClInclude Include="ESP.h">
      <Filter>Header Files</Filter>
    </ClInclude>
    <ClInclude Include="ClientFrameStage.h">
      <Filter>Source Engine\Header Files</Filter>
    </ClInclude>
    <ClInclude Include="UserCmd.h">
      <Filter>Source Engine\Header Files</Filter>
    </ClInclude>
    <ClInclude Include="IVModelInfo.h">
      <Filter>Source Engine\Header Files</Filter>
    </ClInclude>
    <ClInclude Include="IVModelRender.h">
      <Filter>Source Engine\Header Files</Filter>
    </ClInclude>
    <ClInclude Include="CGameTrace.h">
      <Filter>Source Engine\Header Files</Filter>
    </ClInclude>
    <ClInclude Include="ray.h">
      <Filter>Source Engine\Header Files</Filter>
    </ClInclude>
    <ClInclude Include="IMaterialSystem.h">
      <Filter>Source Engine\Header Files</Filter>
    </ClInclude>
    <ClInclude Include="IMaterial.h">
      <Filter>Source Engine\Header Files</Filter>
    </ClInclude>
    <ClInclude Include="AntiAim.h">
      <Filter>Header Files</Filter>
    </ClInclude>
    <ClInclude Include="Gui.h">
      <Filter>GUI\Header Files</Filter>
    </ClInclude>
    <ClInclude Include="Window.h">
      <Filter>GUI\Header Files</Filter>
    </ClInclude>
    <ClInclude Include="IControl.h">
      <Filter>GUI\Header Files</Filter>
    </ClInclude>
    <ClInclude Include="Button.h">
      <Filter>GUI\Header Files</Filter>
    </ClInclude>
    <ClInclude Include="CInput.h">
      <Filter>Source Engine\Header Files</Filter>
    </ClInclude>
    <ClInclude Include="CWeapon.h">
      <Filter>Source Engine\Header Files</Filter>
    </ClInclude>
    <ClInclude Include="Visuals.h">
      <Filter>Header Files</Filter>
    </ClInclude>
    <ClInclude Include="IPanel.h">
      <Filter>Source Engine\Header Files</Filter>
    </ClInclude>
    <ClInclude Include="ISurface.h">
      <Filter>Source Engine\Header Files</Filter>
    </ClInclude>
    <ClInclude Include="VTableHook.h">
      <Filter>Header Files</Filter>
    </ClInclude>
    <ClInclude Include="PlayerInfo.h">
      <Filter>Source Engine\Header Files</Filter>
    </ClInclude>
    <ClInclude Include="IGameEventManager.h">
      <Filter>Source Engine\Header Files</Filter>
    </ClInclude>
    <ClInclude Include="IGameEvent.h">
      <Filter>Source Engine\Header Files</Filter>
    </ClInclude>
    <ClInclude Include="GameEventListener.h">
      <Filter>Header Files</Filter>
    </ClInclude>
    <ClInclude Include="murmurhash.h">
      <Filter>Header Files</Filter>
    </ClInclude>
    <ClInclude Include="IPhysicsSurfaceProps.h">
      <Filter>Source Engine\Header Files</Filter>
    </ClInclude>
  </ItemGroup>
  <ItemGroup>
    <Text Include="todo.txt" />
  </ItemGroup>
</Project>