<?xml version="1.0" encoding="utf-8"?>
<Project ToolsVersion="4.0" xmlns="http://schemas.microsoft.com/developer/msbuild/2003">
  <ItemGroup>
    <Filter Include="Source Files">
      <UniqueIdentifier>{4FC737F1-C7A5-4376-A066-2A32D752A2FF}</UniqueIdentifier>
      <Extensions>cpp;c;cc;cxx;def;odl;idl;hpj;bat;asm;asmx</Extensions>
    </Filter>
    <Filter Include="Header Files">
      <UniqueIdentifier>{93995380-89BD-4b04-88EB-625FBE52EBFB}</UniqueIdentifier>
      <Extensions>h;hh;hpp;hxx;hm;inl;inc;xsd</Extensions>
    </Filter>
    <Filter Include="Resource Files">
      <UniqueIdentifier>{67DA6AB6-F800-4c08-8B7A-83BB121AAD01}</UniqueIdentifier>
      <Extensions>rc;ico;cur;bmp;dlg;rc2;rct;bin;rgs;gif;jpg;jpeg;jpe;resx;tiff;tif;png;wav;mfcribbon-ms</Extensions>
    </Filter>
    <Filter Include="Source Files\Source SDK">
      <UniqueIdentifier>{18cac3c2-4c04-4d70-903f-276859f4dacb}</UniqueIdentifier>
    </Filter>
    <Filter Include="Source Files\Features">
      <UniqueIdentifier>{1c2a9af2-bb30-43ae-8824-4cc2bb8fecc5}</UniqueIdentifier>
    </Filter>
    <Filter Include="Source Files\GUI">
      <UniqueIdentifier>{f61ec2d1-74e9-47dd-abbe-fb357975eb0f}</UniqueIdentifier>
    </Filter>
    <Filter Include="Header Files\Source SDK">
      <UniqueIdentifier>{2ff1fe52-5c56-4fa7-ac90-fc8bcae7b3c6}</UniqueIdentifier>
    </Filter>
    <Filter Include="Header Files\GUI">
      <UniqueIdentifier>{ca233489-13db-427d-8233-ac38f58ed4d1}</UniqueIdentifier>
    </Filter>
    <Filter Include="Header Files\Features">
      <UniqueIdentifier>{f19c4872-1be2-492d-8001-1eed70c57e87}</UniqueIdentifier>
    </Filter>
    <Filter Include="Header Files\Hooks">
      <UniqueIdentifier>{e71b9285-36fb-42ea-b2ae-34aab3ce76f6}</UniqueIdentifier>
    </Filter>
    <Filter Include="Source Files\Hooks">
      <UniqueIdentifier>{a1d581dc-0baf-48bf-88eb-c6bc72b49c43}</UniqueIdentifier>
    </Filter>
    <Filter Include="Source Files\Hooks\Proxies">
      <UniqueIdentifier>{99668fea-4ad9-4f7a-a654-a5183a5ab165}</UniqueIdentifier>
    </Filter>
    <Filter Include="Header Files\Hooks\Proxies">
      <UniqueIdentifier>{277ad7ae-a786-49a6-87d5-dbbd0c949d65}</UniqueIdentifier>
    </Filter>
  </ItemGroup>
  <ItemGroup>
    <ClCompile Include="src\AntiAim.cpp">
      <Filter>Source Files\Features</Filter>
    </ClCompile>
    <ClCompile Include="src\Application.cpp">
      <Filter>Source Files</Filter>
    </ClCompile>
    <ClCompile Include="src\Autowall.cpp">
      <Filter>Source Files\Features</Filter>
    </ClCompile>
    <ClCompile Include="src\Bhop.cpp">
      <Filter>Source Files\Features</Filter>
    </ClCompile>
    <ClCompile Include="src\Button.cpp">
      <Filter>Source Files\GUI</Filter>
    </ClCompile>
    <ClCompile Include="src\Canvas.cpp">
      <Filter>Source Files\GUI</Filter>
    </ClCompile>
    <ClCompile Include="src\Chams.cpp">
      <Filter>Source Files\Features</Filter>
    </ClCompile>
    <ClCompile Include="src\Checkbox.cpp">
      <Filter>Source Files\GUI</Filter>
    </ClCompile>
    <ClCompile Include="src\checksum_md5.cpp">
      <Filter>Source Files\Source SDK</Filter>
    </ClCompile>
    <ClCompile Include="src\ClientClass.cpp">
      <Filter>Source Files\Source SDK</Filter>
    </ClCompile>
    <ClCompile Include="src\ClientEntity.cpp">
      <Filter>Source Files\Source SDK</Filter>
    </ClCompile>
    <ClCompile Include="src\ColorPicker.cpp">
      <Filter>Source Files\GUI</Filter>
    </ClCompile>
    <ClCompile Include="src\ColorPickerPopup.cpp">
      <Filter>Source Files\GUI</Filter>
    </ClCompile>
    <ClCompile Include="src\Config.cpp">
      <Filter>Source Files</Filter>
    </ClCompile>
    <ClCompile Include="src\ConfigHelper.cpp">
      <Filter>Source Files</Filter>
    </ClCompile>
    <ClCompile Include="src\Console.cpp">
      <Filter>Source Files</Filter>
    </ClCompile>
    <ClCompile Include="src\ConVar.cpp">
      <Filter>Source Files\Source SDK</Filter>
    </ClCompile>
    <ClCompile Include="src\CreateInterface.cpp">
      <Filter>Source Files\Source SDK</Filter>
    </ClCompile>
    <ClCompile Include="src\CreateMove.cpp">
      <Filter>Source Files\Hooks</Filter>
    </ClCompile>
    <ClCompile Include="src\CWeapon.cpp">
      <Filter>Source Files\Source SDK</Filter>
    </ClCompile>
    <ClCompile Include="src\DllMain.cpp">
      <Filter>Source Files</Filter>
    </ClCompile>
    <ClCompile Include="src\DrawModelExecute.cpp">
      <Filter>Source Files\Hooks</Filter>
    </ClCompile>
    <ClCompile Include="src\EmitSound.cpp">
      <Filter>Source Files\Hooks</Filter>
    </ClCompile>
    <ClCompile Include="src\Esp.cpp">
      <Filter>Source Files\Features</Filter>
    </ClCompile>
    <ClCompile Include="src\EspPlayer.cpp">
      <Filter>Source Files</Filter>
    </ClCompile>
    <ClCompile Include="src\EyeAnglesProxy.cpp">
      <Filter>Source Files\Hooks\Proxies</Filter>
    </ClCompile>
    <ClCompile Include="src\Fakelag.cpp">
      <Filter>Source Files\Features</Filter>
    </ClCompile>
    <ClCompile Include="src\Fakewalk.cpp">
      <Filter>Source Files\Features</Filter>
    </ClCompile>
    <ClCompile Include="src\FindMdl.cpp">
      <Filter>Source Files\Hooks</Filter>
    </ClCompile>
    <ClCompile Include="src\FireEventClientSide.cpp">
      <Filter>Source Files\Hooks</Filter>
    </ClCompile>
    <ClCompile Include="src\FrameStageNotify.cpp">
      <Filter>Source Files\Hooks</Filter>
    </ClCompile>
    <ClCompile Include="src\GameEventListener.cpp">
      <Filter>Source Files</Filter>
    </ClCompile>
    <ClCompile Include="src\GetViewModelFov.cpp">
      <Filter>Source Files\Hooks</Filter>
    </ClCompile>
    <ClCompile Include="src\Groupbox.cpp">
      <Filter>Source Files\GUI</Filter>
    </ClCompile>
    <ClCompile Include="src\Gui.cpp">
      <Filter>Source Files\GUI</Filter>
    </ClCompile>
    <ClCompile Include="src\GunHud.cpp">
      <Filter>Source Files\Features</Filter>
    </ClCompile>
    <ClCompile Include="src\IBaseClientDLL.cpp">
      <Filter>Source Files\Source SDK</Filter>
    </ClCompile>
    <ClCompile Include="src\IControl.cpp">
      <Filter>Source Files\GUI</Filter>
    </ClCompile>
    <ClCompile Include="src\IFeature.cpp">
      <Filter>Source Files\Features</Filter>
    </ClCompile>
    <ClCompile Include="src\IMaterialSystem.cpp">
      <Filter>Source Files\Source SDK</Filter>
    </ClCompile>
    <ClCompile Include="src\IMatRenderContext.cpp">
      <Filter>Source Files\Source SDK</Filter>
    </ClCompile>
    <ClCompile Include="src\InputEvent.cpp">
      <Filter>Source Files\GUI</Filter>
    </ClCompile>
    <ClCompile Include="src\InputHandler.cpp">
      <Filter>Source Files\GUI</Filter>
    </ClCompile>
    <ClCompile Include="src\ISurface.cpp">
      <Filter>Source Files\Source SDK</Filter>
    </ClCompile>
    <ClCompile Include="src\Label.cpp">
      <Filter>Source Files\GUI</Filter>
    </ClCompile>
    <ClCompile Include="src\LagCompensation.cpp">
      <Filter>Source Files\Features</Filter>
    </ClCompile>
    <ClCompile Include="src\LagCompensationPlayerEntry.cpp">
      <Filter>Source Files</Filter>
    </ClCompile>
    <ClCompile Include="src\LagCompensationPlayerList.cpp">
      <Filter>Source Files</Filter>
    </ClCompile>
    <ClCompile Include="src\Legitbot.cpp">
      <Filter>Source Files\Features</Filter>
    </ClCompile>
    <ClCompile Include="src\lodepng.cpp">
      <Filter>Source Files</Filter>
    </ClCompile>
    <ClCompile Include="src\LowerBodyYawProxy.cpp">
      <Filter>Source Files\Hooks\Proxies</Filter>
    </ClCompile>
    <ClCompile Include="src\MaterialVisuals.cpp">
      <Filter>Source Files\Features</Filter>
    </ClCompile>
    <ClCompile Include="src\Menu.cpp">
      <Filter>Source Files\GUI</Filter>
    </ClCompile>
    <ClCompile Include="src\Mirror.cpp">
      <Filter>Source Files\Features</Filter>
    </ClCompile>
    <ClCompile Include="src\Misc.cpp">
      <Filter>Source Files\Features</Filter>
    </ClCompile>
    <ClCompile Include="src\murmurhash.cpp">
      <Filter>Source Files</Filter>
    </ClCompile>
    <ClCompile Include="src\NetVar.cpp">
      <Filter>Source Files</Filter>
    </ClCompile>
    <ClCompile Include="src\NetVarManager.cpp">
      <Filter>Source Files</Filter>
    </ClCompile>
    <ClCompile Include="src\Offsets.cpp">
      <Filter>Source Files</Filter>
    </ClCompile>
    <ClCompile Include="src\OverrideView.cpp">
      <Filter>Source Files\Hooks</Filter>
    </ClCompile>
    <ClCompile Include="src\PaintTraverse.cpp">
      <Filter>Source Files\Hooks</Filter>
    </ClCompile>
    <ClCompile Include="src\Pattern.cpp">
      <Filter>Source Files</Filter>
    </ClCompile>
    <ClCompile Include="src\Player.cpp">
      <Filter>Source Files</Filter>
    </ClCompile>
    <ClCompile Include="src\PlayerInfo.cpp">
      <Filter>Source Files\Source SDK</Filter>
    </ClCompile>
    <ClCompile Include="src\PlayerList.cpp">
      <Filter>Source Files</Filter>
    </ClCompile>
    <ClCompile Include="src\PlaySound.cpp">
      <Filter>Source Files\Hooks</Filter>
    </ClCompile>
    <ClCompile Include="src\Radar.cpp">
      <Filter>Source Files\Features</Filter>
    </ClCompile>
    <ClCompile Include="src\Ragebot.cpp">
      <Filter>Source Files\Features</Filter>
    </ClCompile>
    <ClCompile Include="src\RenderSmokeOverlay.cpp">
      <Filter>Source Files\Hooks</Filter>
    </ClCompile>
    <ClCompile Include="src\RenderView.cpp">
      <Filter>Source Files\Hooks</Filter>
    </ClCompile>
    <ClCompile Include="src\Resolver.cpp">
      <Filter>Source Files\Features</Filter>
    </ClCompile>
    <ClCompile Include="src\ResolverPlayer.cpp">
      <Filter>Source Files</Filter>
    </ClCompile>
    <ClCompile Include="src\ResourceManager.cpp">
      <Filter>Source Files</Filter>
    </ClCompile>
    <ClCompile Include="src\Selectbox.cpp">
      <Filter>Source Files\GUI</Filter>
    </ClCompile>
    <ClCompile Include="src\SelectboxItem.cpp">
      <Filter>Source Files\GUI</Filter>
    </ClCompile>
    <ClCompile Include="src\SelectboxPopup.cpp">
      <Filter>Source Files\GUI</Filter>
    </ClCompile>
    <ClCompile Include="src\SequenceProxy.cpp">
      <Filter>Source Files\Hooks\Proxies</Filter>
    </ClCompile>
    <ClCompile Include="src\SkinChanger.cpp">
      <Filter>Source Files\Features</Filter>
    </ClCompile>
    <ClCompile Include="src\SkinMetadata.cpp">
      <Filter>Source Files</Filter>
    </ClCompile>
    <ClCompile Include="src\Slider.cpp">
      <Filter>Source Files\GUI</Filter>
    </ClCompile>
    <ClCompile Include="src\SoundEsp.cpp">
      <Filter>Source Files\Features</Filter>
    </ClCompile>
    <ClCompile Include="src\SoundInfo.cpp">
      <Filter>Source Files</Filter>
    </ClCompile>
    <ClCompile Include="src\TabContainer.cpp">
      <Filter>Source Files\GUI</Filter>
    </ClCompile>
    <ClCompile Include="src\TabPage.cpp">
      <Filter>Source Files\GUI</Filter>
    </ClCompile>
    <ClCompile Include="src\Target.cpp">
      <Filter>Source Files</Filter>
    </ClCompile>
    <ClCompile Include="src\TargetSelector.cpp">
      <Filter>Source Files</Filter>
    </ClCompile>
    <ClCompile Include="src\Textbox.cpp">
      <Filter>Source Files\GUI</Filter>
    </ClCompile>
    <ClCompile Include="src\Tooltip.cpp">
      <Filter>Source Files\GUI</Filter>
    </ClCompile>
    <ClCompile Include="src\Triggerbot.cpp">
      <Filter>Source Files\Features</Filter>
    </ClCompile>
    <ClCompile Include="src\Utils.cpp">
      <Filter>Source Files</Filter>
    </ClCompile>
    <ClCompile Include="src\Vector.cpp">
      <Filter>Source Files\Source SDK</Filter>
    </ClCompile>
    <ClCompile Include="src\Visuals.cpp">
      <Filter>Source Files\Features</Filter>
    </ClCompile>
    <ClCompile Include="src\WeaponEsp.cpp">
      <Filter>Source Files\Features</Filter>
    </ClCompile>
    <ClCompile Include="src\Window.cpp">
      <Filter>Source Files\GUI</Filter>
    </ClCompile>
    <ClCompile Include="src\WritableSection.cpp">
      <Filter>Source Files</Filter>
    </ClCompile>
    <ClCompile Include="src\XorString.cpp">
      <Filter>Source Files</Filter>
    </ClCompile>
    <ClCompile Include="src\IControlPopup.cpp">
      <Filter>Source Files\GUI</Filter>
    </ClCompile>
    <ClCompile Include="src\Benchmark.cpp">
      <Filter>Source Files</Filter>
    </ClCompile>
    <ClCompile Include="src\IControlClickable.cpp">
      <Filter>Source Files\GUI</Filter>
    </ClCompile>
    <ClCompile Include="src\IControlTooltip.cpp">
      <Filter>Source Files\GUI</Filter>
    </ClCompile>
    <ClCompile Include="src\IDependable.cpp">
      <Filter>Source Files\GUI</Filter>
    </ClCompile>
    <ClCompile Include="src\Dependency.cpp">
      <Filter>Source Files\GUI</Filter>
    </ClCompile>
    <ClCompile Include="src\VMTHook.cpp">
      <Filter>Source Files</Filter>
    </ClCompile>
  </ItemGroup>
  <ItemGroup>
    <ClInclude Include="src\AntiAim.h">
      <Filter>Header Files\Features</Filter>
    </ClInclude>
    <ClInclude Include="src\Application.h">
      <Filter>Header Files</Filter>
    </ClInclude>
    <ClInclude Include="src\Autowall.h">
      <Filter>Header Files\Features</Filter>
    </ClInclude>
    <ClInclude Include="src\Bhop.h">
      <Filter>Header Files\Features</Filter>
    </ClInclude>
    <ClInclude Include="src\Button.h">
      <Filter>Header Files\GUI</Filter>
    </ClInclude>
    <ClInclude Include="src\Canvas.h">
      <Filter>Header Files\GUI</Filter>
    </ClInclude>
    <ClInclude Include="src\CGameTrace.h">
      <Filter>Header Files\Source SDK</Filter>
    </ClInclude>
    <ClInclude Include="src\CGlobalVars.h">
      <Filter>Header Files\Source SDK</Filter>
    </ClInclude>
    <ClInclude Include="src\Chams.h">
      <Filter>Header Files\Features</Filter>
    </ClInclude>
    <ClInclude Include="src\Checkbox.h">
      <Filter>Header Files\GUI</Filter>
    </ClInclude>
    <ClInclude Include="src\checksum_md5.h">
      <Filter>Header Files\Source SDK</Filter>
    </ClInclude>
    <ClInclude Include="src\CInput.h">
      <Filter>Header Files\Source SDK</Filter>
    </ClInclude>
    <ClInclude Include="src\ClientClass.h">
      <Filter>Header Files\Source SDK</Filter>
    </ClInclude>
    <ClInclude Include="src\ClientEntity.h">
      <Filter>Header Files\Source SDK</Filter>
    </ClInclude>
    <ClInclude Include="src\ClientEntityList.h">
      <Filter>Header Files\Source SDK</Filter>
    </ClInclude>
    <ClInclude Include="src\ClientFrameStage.h">
      <Filter>Header Files\Source SDK</Filter>
    </ClInclude>
    <ClInclude Include="src\ColorPicker.h">
      <Filter>Header Files\GUI</Filter>
    </ClInclude>
    <ClInclude Include="src\ColorPickerPopup.h">
      <Filter>Header Files\GUI</Filter>
    </ClInclude>
    <ClInclude Include="src\Config.h">
      <Filter>Header Files</Filter>
    </ClInclude>
    <ClInclude Include="src\ConfigHelper.h">
      <Filter>Header Files</Filter>
    </ClInclude>
    <ClInclude Include="src\Console.h">
      <Filter>Header Files</Filter>
    </ClInclude>
    <ClInclude Include="src\Controls.h">
      <Filter>Header Files\GUI</Filter>
    </ClInclude>
    <ClInclude Include="src\ConVar.h">
      <Filter>Header Files\Source SDK</Filter>
    </ClInclude>
    <ClInclude Include="src\CreateInterface.h">
      <Filter>Header Files\Source SDK</Filter>
    </ClInclude>
    <ClInclude Include="src\CreateMove.h">
      <Filter>Header Files\Hooks</Filter>
    </ClInclude>
    <ClInclude Include="src\CUtlVector.h">
      <Filter>Header Files\Source SDK</Filter>
    </ClInclude>
    <ClInclude Include="src\CViewSetup.h">
      <Filter>Header Files\Source SDK</Filter>
    </ClInclude>
    <ClInclude Include="src\CWeapon.h">
      <Filter>Header Files\Source SDK</Filter>
    </ClInclude>
    <ClInclude Include="src\DrawModelExecute.h">
      <Filter>Header Files\Hooks</Filter>
    </ClInclude>
    <ClInclude Include="src\EmitSound.h">
      <Filter>Header Files\Hooks</Filter>
    </ClInclude>
    <ClInclude Include="src\Esp.h">
      <Filter>Header Files\Features</Filter>
    </ClInclude>
    <ClInclude Include="src\EspPlayer.h">
      <Filter>Header Files</Filter>
    </ClInclude>
    <ClInclude Include="src\EyeAnglesProxy.h">
      <Filter>Header Files\Hooks\Proxies</Filter>
    </ClInclude>
    <ClInclude Include="src\Fakelag.h">
      <Filter>Header Files\Features</Filter>
    </ClInclude>
    <ClInclude Include="src\Fakewalk.h">
      <Filter>Header Files\Features</Filter>
    </ClInclude>
    <ClInclude Include="src\FindMdl.h">
      <Filter>Header Files\Hooks</Filter>
    </ClInclude>
    <ClInclude Include="src\FireEventClientSide.h">
      <Filter>Header Files\Hooks</Filter>
    </ClInclude>
    <ClInclude Include="src\FrameStageNotify.h">
      <Filter>Header Files\Hooks</Filter>
    </ClInclude>
    <ClInclude Include="src\GameEventListener.h">
      <Filter>Header Files</Filter>
    </ClInclude>
    <ClInclude Include="src\GetViewModelFov.h">
      <Filter>Header Files\Hooks</Filter>
    </ClInclude>
    <ClInclude Include="src\Groupbox.h">
      <Filter>Header Files\GUI</Filter>
    </ClInclude>
    <ClInclude Include="src\Gui.h">
      <Filter>Header Files\GUI</Filter>
    </ClInclude>
    <ClInclude Include="src\GunHud.h">
      <Filter>Header Files\Features</Filter>
    </ClInclude>
    <ClInclude Include="src\IAppSystem.h">
      <Filter>Header Files\Source SDK</Filter>
    </ClInclude>
    <ClInclude Include="src\IBaseClientDLL.h">
      <Filter>Header Files\Source SDK</Filter>
    </ClInclude>
    <ClInclude Include="src\IClientMode.h">
      <Filter>Header Files\Source SDK</Filter>
    </ClInclude>
    <ClInclude Include="src\IClientState.h">
      <Filter>Header Files\Source SDK</Filter>
    </ClInclude>
    <ClInclude Include="src\IControl.h">
      <Filter>Header Files\GUI</Filter>
    </ClInclude>
    <ClInclude Include="src\ICVar.h">
      <Filter>Header Files\Source SDK</Filter>
    </ClInclude>
    <ClInclude Include="src\IEngineSound.h">
      <Filter>Header Files\Source SDK</Filter>
    </ClInclude>
    <ClInclude Include="src\IEngineTrace.h">
      <Filter>Header Files\Source SDK</Filter>
    </ClInclude>
    <ClInclude Include="src\IFeature.h">
      <Filter>Header Files\Features</Filter>
    </ClInclude>
    <ClInclude Include="src\IGameEvent.h">
      <Filter>Header Files\Source SDK</Filter>
    </ClInclude>
    <ClInclude Include="src\IGameEventManager.h">
      <Filter>Header Files\Source SDK</Filter>
    </ClInclude>
    <ClInclude Include="src\IInputSystem.h">
      <Filter>Header Files\Source SDK</Filter>
    </ClInclude>
    <ClInclude Include="src\ILocalize.h">
      <Filter>Header Files\Source SDK</Filter>
    </ClInclude>
    <ClInclude Include="src\IMaterial.h">
      <Filter>Header Files\Source SDK</Filter>
    </ClInclude>
    <ClInclude Include="src\IMaterialSystem.h">
      <Filter>Header Files\Source SDK</Filter>
    </ClInclude>
    <ClInclude Include="src\IMatRenderContext.h">
      <Filter>Header Files\Source SDK</Filter>
    </ClInclude>
    <ClInclude Include="src\IMDLCache.h">
      <Filter>Header Files\Source SDK</Filter>
    </ClInclude>
    <ClInclude Include="src\INetChannelInfo.h">
      <Filter>Header Files\Source SDK</Filter>
    </ClInclude>
    <ClInclude Include="src\InputEvent.h">
      <Filter>Header Files\GUI</Filter>
    </ClInclude>
    <ClInclude Include="src\InputHandler.h">
      <Filter>Header Files\GUI</Filter>
    </ClInclude>
    <ClInclude Include="src\IPanel.h">
      <Filter>Header Files\Source SDK</Filter>
    </ClInclude>
    <ClInclude Include="src\IPhysicsSurfaceProps.h">
      <Filter>Header Files\Source SDK</Filter>
    </ClInclude>
    <ClInclude Include="src\IRefCounted.h">
      <Filter>Header Files\Source SDK</Filter>
    </ClInclude>
    <ClInclude Include="src\ISurface.h">
      <Filter>Header Files\Source SDK</Filter>
    </ClInclude>
    <ClInclude Include="src\ITexture.h">
      <Filter>Header Files\Source SDK</Filter>
    </ClInclude>
    <ClInclude Include="src\IVEngineClient.h">
      <Filter>Header Files\Source SDK</Filter>
    </ClInclude>
    <ClInclude Include="src\IViewRender.h">
      <Filter>Header Files\Source SDK</Filter>
    </ClInclude>
    <ClInclude Include="src\IViewRenderBeams.h">
      <Filter>Header Files\Source SDK</Filter>
    </ClInclude>
    <ClInclude Include="src\IVModelInfo.h">
      <Filter>Header Files\Source SDK</Filter>
    </ClInclude>
    <ClInclude Include="src\IVModelRender.h">
      <Filter>Header Files\Source SDK</Filter>
    </ClInclude>
    <ClInclude Include="src\IVRenderView.h">
      <Filter>Header Files\Source SDK</Filter>
    </ClInclude>
    <ClInclude Include="src\KeyValues.h">
      <Filter>Header Files\Source SDK</Filter>
    </ClInclude>
    <ClInclude Include="src\Label.h">
      <Filter>Header Files\GUI</Filter>
    </ClInclude>
    <ClInclude Include="src\LagCompensation.h">
      <Filter>Header Files\Features</Filter>
    </ClInclude>
    <ClInclude Include="src\LagCompensationPlayerEntry.h">
      <Filter>Header Files</Filter>
    </ClInclude>
    <ClInclude Include="src\LagCompensationPlayerList.h">
      <Filter>Header Files</Filter>
    </ClInclude>
    <ClInclude Include="src\Legitbot.h">
      <Filter>Header Files\Features</Filter>
    </ClInclude>
    <ClInclude Include="src\lodepng.h">
      <Filter>Header Files</Filter>
    </ClInclude>
    <ClInclude Include="src\LowerBodyYawProxy.h">
      <Filter>Header Files\Hooks\Proxies</Filter>
    </ClInclude>
    <ClInclude Include="src\MaterialVisuals.h">
      <Filter>Header Files\Features</Filter>
    </ClInclude>
    <ClInclude Include="src\MathDefs.h">
      <Filter>Header Files</Filter>
    </ClInclude>
    <ClInclude Include="src\Menu.h">
      <Filter>Header Files\GUI</Filter>
    </ClInclude>
    <ClInclude Include="src\Mirror.h">
      <Filter>Header Files\Features</Filter>
    </ClInclude>
    <ClInclude Include="src\Misc.h">
      <Filter>Header Files\Features</Filter>
    </ClInclude>
    <ClInclude Include="src\murmurhash.h">
      <Filter>Header Files</Filter>
    </ClInclude>
    <ClInclude Include="src\NetVar.h">
      <Filter>Header Files</Filter>
    </ClInclude>
    <ClInclude Include="src\NetVarManager.h">
      <Filter>Header Files</Filter>
    </ClInclude>
    <ClInclude Include="src\Offsets.h">
      <Filter>Header Files</Filter>
    </ClInclude>
    <ClInclude Include="src\OverrideView.h">
      <Filter>Header Files\Hooks</Filter>
    </ClInclude>
    <ClInclude Include="src\PaintTraverse.h">
      <Filter>Header Files\Hooks</Filter>
    </ClInclude>
    <ClInclude Include="src\Pattern.h">
      <Filter>Header Files</Filter>
    </ClInclude>
    <ClInclude Include="src\Player.h">
      <Filter>Header Files</Filter>
    </ClInclude>
    <ClInclude Include="src\PlayerInfo.h">
      <Filter>Header Files\Source SDK</Filter>
    </ClInclude>
    <ClInclude Include="src\PlayerList.h">
      <Filter>Header Files</Filter>
    </ClInclude>
    <ClInclude Include="src\PlaySound.h">
      <Filter>Header Files\Hooks</Filter>
    </ClInclude>
    <ClInclude Include="src\Radar.h">
      <Filter>Header Files\Features</Filter>
    </ClInclude>
    <ClInclude Include="src\Ragebot.h">
      <Filter>Header Files\Features</Filter>
    </ClInclude>
    <ClInclude Include="src\ray.h">
      <Filter>Header Files\Source SDK</Filter>
    </ClInclude>
    <ClInclude Include="src\RenderSmokeOverlay.h">
      <Filter>Header Files\Hooks</Filter>
    </ClInclude>
    <ClInclude Include="src\RenderView.h">
      <Filter>Header Files\Hooks</Filter>
    </ClInclude>
    <ClInclude Include="src\Resolver.h">
      <Filter>Header Files\Features</Filter>
    </ClInclude>
    <ClInclude Include="src\ResolverPlayer.h">
      <Filter>Header Files</Filter>
    </ClInclude>
    <ClInclude Include="src\ResourceManager.h">
      <Filter>Header Files</Filter>
    </ClInclude>
    <ClInclude Include="src\Selectbox.h">
      <Filter>Header Files\GUI</Filter>
    </ClInclude>
    <ClInclude Include="src\SelectboxItem.h">
      <Filter>Header Files\GUI</Filter>
    </ClInclude>
    <ClInclude Include="src\SelectboxPopup.h">
      <Filter>Header Files\GUI</Filter>
    </ClInclude>
    <ClInclude Include="src\SequenceProxy.h">
      <Filter>Header Files\Hooks\Proxies</Filter>
    </ClInclude>
    <ClInclude Include="src\SkinChanger.h">
      <Filter>Header Files\Features</Filter>
    </ClInclude>
    <ClInclude Include="src\SkinMetadata.h">
      <Filter>Header Files</Filter>
    </ClInclude>
    <ClInclude Include="src\Slider.h">
      <Filter>Header Files\GUI</Filter>
    </ClInclude>
    <ClInclude Include="src\SoundEsp.h">
      <Filter>Header Files\Features</Filter>
    </ClInclude>
    <ClInclude Include="src\SoundInfo.h">
      <Filter>Header Files</Filter>
    </ClInclude>
    <ClInclude Include="src\TabContainer.h">
      <Filter>Header Files\GUI</Filter>
    </ClInclude>
    <ClInclude Include="src\TabPage.h">
      <Filter>Header Files\GUI</Filter>
    </ClInclude>
    <ClInclude Include="src\Target.h">
      <Filter>Header Files</Filter>
    </ClInclude>
    <ClInclude Include="src\TargetSelector.h">
      <Filter>Header Files</Filter>
    </ClInclude>
    <ClInclude Include="src\Textbox.h">
      <Filter>Header Files\GUI</Filter>
    </ClInclude>
    <ClInclude Include="src\Tooltip.h">
      <Filter>Header Files\GUI</Filter>
    </ClInclude>
    <ClInclude Include="src\Triggerbot.h">
      <Filter>Header Files\Features</Filter>
    </ClInclude>
    <ClInclude Include="src\UserCmd.h">
      <Filter>Header Files\Source SDK</Filter>
    </ClInclude>
    <ClInclude Include="src\Utils.h">
      <Filter>Header Files</Filter>
    </ClInclude>
    <ClInclude Include="src\Vector.h">
      <Filter>Header Files\Source SDK</Filter>
    </ClInclude>
    <ClInclude Include="src\Visuals.h">
      <Filter>Header Files\Features</Filter>
    </ClInclude>
    <ClInclude Include="src\WeaponEsp.h">
      <Filter>Header Files\Features</Filter>
    </ClInclude>
    <ClInclude Include="src\Window.h">
      <Filter>Header Files\GUI</Filter>
    </ClInclude>
    <ClInclude Include="src\WritableSection.h">
      <Filter>Header Files</Filter>
    </ClInclude>
    <ClInclude Include="src\XorString.h">
      <Filter>Header Files</Filter>
    </ClInclude>
    <ClInclude Include="src\IControlPopup.h">
      <Filter>Header Files\GUI</Filter>
    </ClInclude>
    <ClInclude Include="src\Benchmark.h">
      <Filter>Header Files</Filter>
    </ClInclude>
    <ClInclude Include="src\IControlClickable.h">
      <Filter>Header Files\GUI</Filter>
    </ClInclude>
    <ClInclude Include="src\IControlTooltip.h">
      <Filter>Header Files\GUI</Filter>
    </ClInclude>
    <ClInclude Include="src\IDependable.h">
      <Filter>Header Files\GUI</Filter>
    </ClInclude>
    <ClInclude Include="src\Dependency.h">
      <Filter>Header Files\GUI</Filter>
    </ClInclude>
    <ClInclude Include="src\VMTHook.h">
      <Filter>Header Files</Filter>
    </ClInclude>
  </ItemGroup>
  <ItemGroup>
    <Text Include="src\todo.txt" />
  </ItemGroup>
</Project>